
Microsoft Visual Studio Solution File, Format Version 11.00
# Visual Studio 2010
Project("{FAE04EC0-301F-11D3-BF4B-00C04F79EFBC}") = "ArborSdkExamples", "examples\ArborSdkExamples.csproj", "{0E691EF6-6229-4AE5-9386-DCBD044593AB}"
EndProject
Project("{FAE04EC0-301F-11D3-BF4B-00C04F79EFBC}") = "ArborSdk", "src\ArborSdk.csproj", "{FFC09E07-E89C-4197-8ACF-1277B621D6B0}"
EndProject
Project("{F184B08F-C81C-45F6-A57F-5ABD9991F28F}") = "ArborSdkVbExamplets", "ArborSdkVbExamplets\ArborSdkVbExamplets.vbproj", "{B09F2A50-DCA9-45EE-A8A2-D17C74F6C7BF}"
EndProject
Global
	GlobalSection(SolutionConfigurationPlatforms) = preSolution
		Debug|x86 = Debug|x86
		Release|x86 = Release|x86
	EndGlobalSection
	GlobalSection(ProjectConfigurationPlatforms) = postSolution
		{0E691EF6-6229-4AE5-9386-DCBD044593AB}.Debug|x86.ActiveCfg = Debug|Any CPU
		{0E691EF6-6229-4AE5-9386-DCBD044593AB}.Debug|x86.Build.0 = Debug|Any CPU
		{0E691EF6-6229-4AE5-9386-DCBD044593AB}.Release|x86.ActiveCfg = Release|Any CPU
		{0E691EF6-6229-4AE5-9386-DCBD044593AB}.Release|x86.Build.0 = Release|Any CPU
		{B09F2A50-DCA9-45EE-A8A2-D17C74F6C7BF}.Debug|x86.ActiveCfg = Debug|x86
		{B09F2A50-DCA9-45EE-A8A2-D17C74F6C7BF}.Debug|x86.Build.0 = Debug|x86
		{B09F2A50-DCA9-45EE-A8A2-D17C74F6C7BF}.Release|x86.ActiveCfg = Release|x86
		{B09F2A50-DCA9-45EE-A8A2-D17C74F6C7BF}.Release|x86.Build.0 = Release|x86
		{FFC09E07-E89C-4197-8ACF-1277B621D6B0}.Debug|x86.ActiveCfg = Debug|Any CPU
		{FFC09E07-E89C-4197-8ACF-1277B621D6B0}.Debug|x86.Build.0 = Debug|Any CPU
		{FFC09E07-E89C-4197-8ACF-1277B621D6B0}.Release|x86.ActiveCfg = Release|Any CPU
		{FFC09E07-E89C-4197-8ACF-1277B621D6B0}.Release|x86.Build.0 = Release|Any CPU
	EndGlobalSection
EndGlobal
